
Microsoft Visual Studio Solution File, Format Version 12.00
Project("{FAE04EC0-301F-11D3-BF4B-00C04F79EFBC}") = "kvk.Host", "kvk.Host\kvk.Host.csproj", "{043D92F5-2E06-4667-908D-E1979371E7AB}"
EndProject
Project("{FAE04EC0-301F-11D3-BF4B-00C04F79EFBC}") = "kvk.Identity", "kvk.Identity\kvk.Identity.csproj", "{113F9A8C-027D-4F67-AF31-E429ED05A816}"
EndProject
Project("{FAE04EC0-301F-11D3-BF4B-00C04F79EFBC}") = "kvk.BuildingBlocks", "kvk.BuildingBlocks\kvk.BuildingBlocks.csproj", "{50101812-CF5B-4B6E-940B-AAF90A711792}"
EndProject
Project("{2150E333-8FDC-42A3-9474-1A3956D46DE8}") = "BackendDocs", "BackendDocs", "{35CD8FC9-BA5F-44BB-84F7-D9CE550579BB}"
	ProjectSection(SolutionItems) = preProject
		README.MD = README.MD
		IMPLEMENTATION.MD = IMPLEMENTATION.MD
	EndProjectSection
EndProject
Project("{2150E333-8FDC-42A3-9474-1A3956D46DE8}") = "Identity", "Identity", "{D0EDC8E2-38DF-4C22-B0EE-A3F6B49C30BA}"
	ProjectSection(SolutionItems) = preProject
		BackendDocs\Identity\RBACSTAFF.MD = BackendDocs\Identity\RBACSTAFF.MD
	EndProjectSection
EndProject
Project("{2150E333-8FDC-42A3-9474-1A3956D46DE8}") = "Modules", "Modules", "{6D1F2665-4BC9-4F22-873A-A849BD54059C}"
EndProject
Project("{2150E333-8FDC-42A3-9474-1A3956D46DE8}") = "BuildingBlocks", "BuildingBlocks", "{648BDDAB-E912-4DB5-81BA-5A6B41486ACB}"
EndProject
Project("{FAE04EC0-301F-11D3-BF4B-00C04F79EFBC}") = "kvk.ModuleIntegrator", "kvk.ModuleIntegrator\kvk.ModuleIntegrator.csproj", "{4F51A5CF-8B43-4AEB-9629-824A88C93907}"
EndProject
Project("{FAE04EC0-301F-11D3-BF4B-00C04F79EFBC}") = "kvk.Gym", "kvk.Gym\kvk.Gym.csproj", "{246A6853-01D0-40A3-8F41-1ED8C88A8423}"
EndProject
Project("{2150E333-8FDC-42A3-9474-1A3956D46DE8}") = "Gym", "Gym", "{46ADA689-ED85-4708-9465-05E5C1D8801B}"
	ProjectSection(SolutionItems) = preProject
		BackendDocs\Gym\GYMMEMBERSHIP.MD = BackendDocs\Gym\GYMMEMBERSHIP.MD
	EndProjectSection
EndProject
Project("{2150E333-8FDC-42A3-9474-1A3956D46DE8}") = "CodeWritingPattern", "CodeWritingPattern", "{4EE17334-C1C3-4F16-BC06-A87C65CCF343}"
	ProjectSection(SolutionItems) = preProject
		BackendDocs\CODEWRITINGPLAN.MD = BackendDocs\CODEWRITINGPLAN.MD
	EndProjectSection
EndProject
Project("{FAE04EC0-301F-11D3-BF4B-00C04F79EFBC}") = "kvk.Badminton", "kvk.Badminton\kvk.Badminton.csproj", "{E161280E-579B-47AF-ABB1-766D00E12ADE}"
EndProject
Project("{FAE04EC0-301F-11D3-BF4B-00C04F79EFBC}") = "kvk.Financial", "kvk.Financial\kvk.Financial.csproj", "{C2A7F859-99F6-474B-9C42-AD64F547AF6A}"
EndProject
Global
	GlobalSection(SolutionConfigurationPlatforms) = preSolution
		Debug|Any CPU = Debug|Any CPU
		Release|Any CPU = Release|Any CPU
	EndGlobalSection
	GlobalSection(ProjectConfigurationPlatforms) = postSolution
		{043D92F5-2E06-4667-908D-E1979371E7AB}.Debug|Any CPU.ActiveCfg = Debug|Any CPU
		{043D92F5-2E06-4667-908D-E1979371E7AB}.Debug|Any CPU.Build.0 = Debug|Any CPU
		{043D92F5-2E06-4667-908D-E1979371E7AB}.Release|Any CPU.ActiveCfg = Release|Any CPU
		{043D92F5-2E06-4667-908D-E1979371E7AB}.Release|Any CPU.Build.0 = Release|Any CPU
		{113F9A8C-027D-4F67-AF31-E429ED05A816}.Debug|Any CPU.ActiveCfg = Debug|Any CPU
		{113F9A8C-027D-4F67-AF31-E429ED05A816}.Debug|Any CPU.Build.0 = Debug|Any CPU
		{113F9A8C-027D-4F67-AF31-E429ED05A816}.Release|Any CPU.ActiveCfg = Release|Any CPU
		{113F9A8C-027D-4F67-AF31-E429ED05A816}.Release|Any CPU.Build.0 = Release|Any CPU
		{50101812-CF5B-4B6E-940B-AAF90A711792}.Debug|Any CPU.ActiveCfg = Debug|Any CPU
		{50101812-CF5B-4B6E-940B-AAF90A711792}.Debug|Any CPU.Build.0 = Debug|Any CPU
		{50101812-CF5B-4B6E-940B-AAF90A711792}.Release|Any CPU.ActiveCfg = Release|Any CPU
		{50101812-CF5B-4B6E-940B-AAF90A711792}.Release|Any CPU.Build.0 = Release|Any CPU
		{4F51A5CF-8B43-4AEB-9629-824A88C93907}.Debug|Any CPU.ActiveCfg = Debug|Any CPU
		{4F51A5CF-8B43-4AEB-9629-824A88C93907}.Debug|Any CPU.Build.0 = Debug|Any CPU
		{4F51A5CF-8B43-4AEB-9629-824A88C93907}.Release|Any CPU.ActiveCfg = Release|Any CPU
		{4F51A5CF-8B43-4AEB-9629-824A88C93907}.Release|Any CPU.Build.0 = Release|Any CPU
		{246A6853-01D0-40A3-8F41-1ED8C88A8423}.Debug|Any CPU.ActiveCfg = Debug|Any CPU
		{246A6853-01D0-40A3-8F41-1ED8C88A8423}.Debug|Any CPU.Build.0 = Debug|Any CPU
		{246A6853-01D0-40A3-8F41-1ED8C88A8423}.Release|Any CPU.ActiveCfg = Release|Any CPU
		{246A6853-01D0-40A3-8F41-1ED8C88A8423}.Release|Any CPU.Build.0 = Release|Any CPU
		{E161280E-579B-47AF-ABB1-766D00E12ADE}.Debug|Any CPU.ActiveCfg = Debug|Any CPU
		{E161280E-579B-47AF-ABB1-766D00E12ADE}.Debug|Any CPU.Build.0 = Debug|Any CPU
		{E161280E-579B-47AF-ABB1-766D00E12ADE}.Release|Any CPU.ActiveCfg = Release|Any CPU
		{E161280E-579B-47AF-ABB1-766D00E12ADE}.Release|Any CPU.Build.0 = Release|Any CPU
		{C2A7F859-99F6-474B-9C42-AD64F547AF6A}.Debug|Any CPU.ActiveCfg = Debug|Any CPU
		{C2A7F859-99F6-474B-9C42-AD64F547AF6A}.Debug|Any CPU.Build.0 = Debug|Any CPU
		{C2A7F859-99F6-474B-9C42-AD64F547AF6A}.Release|Any CPU.ActiveCfg = Release|Any CPU
		{C2A7F859-99F6-474B-9C42-AD64F547AF6A}.Release|Any CPU.Build.0 = Release|Any CPU
	EndGlobalSection
	GlobalSection(NestedProjects) = preSolution
		{D0EDC8E2-38DF-4C22-B0EE-A3F6B49C30BA} = {35CD8FC9-BA5F-44BB-84F7-D9CE550579BB}
		{113F9A8C-027D-4F67-AF31-E429ED05A816} = {6D1F2665-4BC9-4F22-873A-A849BD54059C}
		{50101812-CF5B-4B6E-940B-AAF90A711792} = {648BDDAB-E912-4DB5-81BA-5A6B41486ACB}
		{4F51A5CF-8B43-4AEB-9629-824A88C93907} = {648BDDAB-E912-4DB5-81BA-5A6B41486ACB}
		{246A6853-01D0-40A3-8F41-1ED8C88A8423} = {6D1F2665-4BC9-4F22-873A-A849BD54059C}
		{46ADA689-ED85-4708-9465-05E5C1D8801B} = {35CD8FC9-BA5F-44BB-84F7-D9CE550579BB}
		{4EE17334-C1C3-4F16-BC06-A87C65CCF343} = {35CD8FC9-BA5F-44BB-84F7-D9CE550579BB}
		{E161280E-579B-47AF-ABB1-766D00E12ADE} = {6D1F2665-4BC9-4F22-873A-A849BD54059C}
		{C2A7F859-99F6-474B-9C42-AD64F547AF6A} = {6D1F2665-4BC9-4F22-873A-A849BD54059C}
	EndGlobalSection
EndGlobal
